
Microsoft Visual Studio Solution File, Format Version 12.00
# Visual Studio Version 17
VisualStudioVersion = 17.4.33213.308
MinimumVisualStudioVersion = 10.0.40219.1
Project("{FAE04EC0-301F-11D3-BF4B-00C04F79EFBC}") = "AhorroDigital.Common", "AhorroDigital.Common\AhorroDigital.Common.csproj", "{7B3625E8-AB9B-4475-9948-0C66D79173D8}"
EndProject
Project("{FAE04EC0-301F-11D3-BF4B-00C04F79EFBC}") = "AhorroDigital.API", "AhorroDigital.API\AhorroDigital.API.csproj", "{12DDDFD0-99B9-41D7-8269-4D4A872A7D43}"
EndProject
Global
	GlobalSection(SolutionConfigurationPlatforms) = preSolution
		Debug|Any CPU = Debug|Any CPU
		Release|Any CPU = Release|Any CPU
	EndGlobalSection
	GlobalSection(ProjectConfigurationPlatforms) = postSolution
		{7B3625E8-AB9B-4475-9948-0C66D79173D8}.Debug|Any CPU.ActiveCfg = Debug|Any CPU
		{7B3625E8-AB9B-4475-9948-0C66D79173D8}.Debug|Any CPU.Build.0 = Debug|Any CPU
		{7B3625E8-AB9B-4475-9948-0C66D79173D8}.Release|Any CPU.ActiveCfg = Release|Any CPU
		{7B3625E8-AB9B-4475-9948-0C66D79173D8}.Release|Any CPU.Build.0 = Release|Any CPU
		{12DDDFD0-99B9-41D7-8269-4D4A872A7D43}.Debug|Any CPU.ActiveCfg = Debug|Any CPU
		{12DDDFD0-99B9-41D7-8269-4D4A872A7D43}.Debug|Any CPU.Build.0 = Debug|Any CPU
		{12DDDFD0-99B9-41D7-8269-4D4A872A7D43}.Release|Any CPU.ActiveCfg = Release|Any CPU
		{12DDDFD0-99B9-41D7-8269-4D4A872A7D43}.Release|Any CPU.Build.0 = Release|Any CPU
	EndGlobalSection
	GlobalSection(SolutionProperties) = preSolution
		HideSolutionNode = FALSE
	EndGlobalSection
	GlobalSection(ExtensibilityGlobals) = postSolution
		SolutionGuid = {D6980ECB-2AAF-4FC6-9189-86E73500E6C8}
	EndGlobalSection
EndGlobal
